Microsoft Visual Studio Solution File, Format Version 12.00
# Visual Studio Version 17
VisualStudioVersion = 17.5.2.0
MinimumVisualStudioVersion = 10.0.40219.1
Project("{FAE04EC0-301F-11D3-BF4B-00C04F79EFBC}") = "dio-net-todo-entity", "dio-net-todo-entity.csproj", "{BD08A30F-598F-C6F5-2D57-61665565E548}"
EndProject
Global
	GlobalSection(SolutionConfigurationPlatforms) = preSolution
		Debug|Any CPU = Debug|Any CPU
		Release|Any CPU = Release|Any CPU
	EndGlobalSection
	GlobalSection(ProjectConfigurationPlatforms) = postSolution
		{BD08A30F-598F-C6F5-2D57-61665565E548}.Debug|Any CPU.ActiveCfg = Debug|Any CPU
		{BD08A30F-598F-C6F5-2D57-61665565E548}.Debug|Any CPU.Build.0 = Debug|Any CPU
		{BD08A30F-598F-C6F5-2D57-61665565E548}.Release|Any CPU.ActiveCfg = Release|Any CPU
		{BD08A30F-598F-C6F5-2D57-61665565E548}.Release|Any CPU.Build.0 = Release|Any CPU
	EndGlobalSection
	GlobalSection(SolutionProperties) = preSolution
		HideSolutionNode = FALSE
	EndGlobalSection
	GlobalSection(ExtensibilityGlobals) = postSolution
		SolutionGuid = {B9D190E6-B115-419D-9AF4-FD25DF4039B4}
	EndGlobalSection
EndGlobal
